
Microsoft Visual Studio Solution File, Format Version 12.00
# Visual Studio Version 17
VisualStudioVersion = 17.0.32112.339
MinimumVisualStudioVersion = 10.0.40219.1
Project("{FAE04EC0-301F-11D3-BF4B-00C04F79EFBC}") = "Ejemplo 2", "Ejemplo 2\Ejemplo 2.csproj", "{DF842D03-46FF-493D-8E52-9F21B63C07CA}"
EndProject
Global
	GlobalSection(SolutionConfigurationPlatforms) = preSolution
		Debug|Any CPU = Debug|Any CPU
		Release|Any CPU = Release|Any CPU
	EndGlobalSection
	GlobalSection(ProjectConfigurationPlatforms) = postSolution
		{DF842D03-46FF-493D-8E52-9F21B63C07CA}.Debug|Any CPU.ActiveCfg = Debug|Any CPU
		{DF842D03-46FF-493D-8E52-9F21B63C07CA}.Debug|Any CPU.Build.0 = Debug|Any CPU
		{DF842D03-46FF-493D-8E52-9F21B63C07CA}.Release|Any CPU.ActiveCfg = Release|Any CPU
		{DF842D03-46FF-493D-8E52-9F21B63C07CA}.Release|Any CPU.Build.0 = Release|Any CPU
	EndGlobalSection
	GlobalSection(SolutionProperties) = preSolution
		HideSolutionNode = FALSE
	EndGlobalSection
	GlobalSection(ExtensibilityGlobals) = postSolution
		SolutionGuid = {6D32B21C-F35F-4182-B6C3-7FA69340A316}
	EndGlobalSection
EndGlobal
